
Microsoft Visual Studio Solution File, Format Version 12.00
# Visual Studio Version 17
VisualStudioVersion = 17.14.36915.13 d17.14
MinimumVisualStudioVersion = 10.0.40219.1
Project("{FAE04EC0-301F-11D3-BF4B-00C04F79EFBC}") = "RdpOutput", "RdpOutput.csproj", "{11B85AC6-4AB2-4A00-A393-AF0D5C753107}"
EndProject
Global
	GlobalSection(SolutionConfigurationPlatforms) = preSolution
		Debug|Any CPU = Debug|Any CPU
		Debug|x64 = Debug|x64
		Release|Any CPU = Release|Any CPU
		Release|x64 = Release|x64
	EndGlobalSection
	GlobalSection(ProjectConfigurationPlatforms) = postSolution
		{11B85AC6-4AB2-4A00-A393-AF0D5C753107}.Debug|Any CPU.ActiveCfg = Debug|Any CPU
		{11B85AC6-4AB2-4A00-A393-AF0D5C753107}.Debug|Any CPU.Build.0 = Debug|Any CPU
		{11B85AC6-4AB2-4A00-A393-AF0D5C753107}.Debug|x64.ActiveCfg = Debug|x64
		{11B85AC6-4AB2-4A00-A393-AF0D5C753107}.Debug|x64.Build.0 = Debug|x64
		{11B85AC6-4AB2-4A00-A393-AF0D5C753107}.Release|Any CPU.ActiveCfg = Release|Any CPU
		{11B85AC6-4AB2-4A00-A393-AF0D5C753107}.Release|Any CPU.Build.0 = Release|Any CPU
		{11B85AC6-4AB2-4A00-A393-AF0D5C753107}.Release|x64.ActiveCfg = Release|x64
		{11B85AC6-4AB2-4A00-A393-AF0D5C753107}.Release|x64.Build.0 = Release|x64
	EndGlobalSection
	GlobalSection(SolutionProperties) = preSolution
		HideSolutionNode = FALSE
	EndGlobalSection
	GlobalSection(ExtensibilityGlobals) = postSolution
		SolutionGuid = {7A79B48B-8AFC-452A-87C2-59B3B8DD7E7C}
	EndGlobalSection
EndGlobal
